// !$*UTF8*$!
{
	archiveVersion = 1;
	classes = {
	};
	objectVersion = 55;
	objects = {

/* Begin PBXBuildFile section */
		E41FDB1D286B40B20011A500 /* JSONEncoderMock.swift in Sources */ = {isa = PBXBuildFile; fileRef = E41FDB1C286B40B20011A500 /* JSONEncoderMock.swift */; };
		E41FDB1F286B41240011A500 /* MockError.swift in Sources */ = {isa = PBXBuildFile; fileRef = E41FDB1E286B41240011A500 /* MockError.swift */; };
		E41FDB21286B45C10011A500 /* TranslationResponseMock.swift in Sources */ = {isa = PBXBuildFile; fileRef = E41FDB20286B45C10011A500 /* TranslationResponseMock.swift */; };
		E41FDB23286B468E0011A500 /* TranslateNetworkServiceFailureResponseMock.swift in Sources */ = {isa = PBXBuildFile; fileRef = E41FDB22286B468E0011A500 /* TranslateNetworkServiceFailureResponseMock.swift */; };
		E45860D12810441500FBD56C /* Language.swift in Sources */ = {isa = PBXBuildFile; fileRef = E45860D02810441500FBD56C /* Language.swift */; };
		E459433427ECC8DE00FE0259 /* NetworkService.swift in Sources */ = {isa = PBXBuildFile; fileRef = E459433327ECC8DE00FE0259 /* NetworkService.swift */; };
		E459433727ECC92000FE0259 /* NetworkServiceError.swift in Sources */ = {isa = PBXBuildFile; fileRef = E459433627ECC92000FE0259 /* NetworkServiceError.swift */; };
		E459433927ECC93400FE0259 /* NetworkServiceProtocol.swift in Sources */ = {isa = PBXBuildFile; fileRef = E459433827ECC93400FE0259 /* NetworkServiceProtocol.swift */; };
		E459433B27ECC94500FE0259 /* FixerLatestResponse.swift in Sources */ = {isa = PBXBuildFile; fileRef = E459433A27ECC94500FE0259 /* FixerLatestResponse.swift */; };
		E459433D27ECC95900FE0259 /* CurrencyService.swift in Sources */ = {isa = PBXBuildFile; fileRef = E459433C27ECC95900FE0259 /* CurrencyService.swift */; };
		E459433F27ECC97100FE0259 /* CurencyServiceProtocol.swift in Sources */ = {isa = PBXBuildFile; fileRef = E459433E27ECC97100FE0259 /* CurencyServiceProtocol.swift */; };
		E45B8C1227E386E100238229 /* AppDelegate.swift in Sources */ = {isa = PBXBuildFile; fileRef = E45B8C1127E386E100238229 /* AppDelegate.swift */; };
		E45B8C1427E386E100238229 /* SceneDelegate.swift in Sources */ = {isa = PBXBuildFile; fileRef = E45B8C1327E386E100238229 /* SceneDelegate.swift */; };
		E45B8C1627E386E100238229 /* CurrencyConverterViewController.swift in Sources */ = {isa = PBXBuildFile; fileRef = E45B8C1527E386E100238229 /* CurrencyConverterViewController.swift */; };
		E45B8C1927E386E100238229 /* Main.storyboard in Resources */ = {isa = PBXBuildFile; fileRef = E45B8C1727E386E100238229 /* Main.storyboard */; };
		E45B8C1B27E386E100238229 /* Assets.xcassets in Resources */ = {isa = PBXBuildFile; fileRef = E45B8C1A27E386E100238229 /* Assets.xcassets */; };
		E45B8C1E27E386E100238229 /* LaunchScreen.storyboard in Resources */ = {isa = PBXBuildFile; fileRef = E45B8C1C27E386E100238229 /* LaunchScreen.storyboard */; };
		E45B8C2927E386E100238229 /* CurrencyServiceTests.swift in Sources */ = {isa = PBXBuildFile; fileRef = E45B8C2827E386E100238229 /* CurrencyServiceTests.swift */; };
		E45B8C3327E386E100238229 /* LeBaluchonUITests.swift in Sources */ = {isa = PBXBuildFile; fileRef = E45B8C3227E386E100238229 /* LeBaluchonUITests.swift */; };
		E45B8C3527E386E100238229 /* LeBaluchonUITestsLaunchTests.swift in Sources */ = {isa = PBXBuildFile; fileRef = E45B8C3427E386E100238229 /* LeBaluchonUITestsLaunchTests.swift */; };
		E4643BC327FAE40800E1C478 /* Currency.swift in Sources */ = {isa = PBXBuildFile; fileRef = E4643BC227FAE40800E1C478 /* Currency.swift */; };
		E46C26E128085EB00070ECEC /* CityPickerViewController.swift in Sources */ = {isa = PBXBuildFile; fileRef = E46C26E028085EB00070ECEC /* CityPickerViewController.swift */; };
		E47A8E9F2869FBCB0000887C /* TranslateUrlProviderMock.swift in Sources */ = {isa = PBXBuildFile; fileRef = E47A8E9E2869FBCB0000887C /* TranslateUrlProviderMock.swift */; };
		E47A8EA12869FC3E0000887C /* TranslateServiceTests.swift in Sources */ = {isa = PBXBuildFile; fileRef = E47A8EA02869FC3E0000887C /* TranslateServiceTests.swift */; };
		E47A8EA3286A068B0000887C /* TranslateNetworkServiceMock.swift in Sources */ = {isa = PBXBuildFile; fileRef = E47A8EA2286A068B0000887C /* TranslateNetworkServiceMock.swift */; };
		E482C72D286AFE4C006EC2A0 /* WeatherServiceTests.swift in Sources */ = {isa = PBXBuildFile; fileRef = E482C72C286AFE4C006EC2A0 /* WeatherServiceTests.swift */; };
		E482C72F286B065B006EC2A0 /* WeatherUrlProviderMock.swift in Sources */ = {isa = PBXBuildFile; fileRef = E482C72E286B065B006EC2A0 /* WeatherUrlProviderMock.swift */; };
		E482C731286B0723006EC2A0 /* WeatherNetworkServiceMock.swift in Sources */ = {isa = PBXBuildFile; fileRef = E482C730286B0723006EC2A0 /* WeatherNetworkServiceMock.swift */; };
		E4C8E159283BC1130034DE8B /* CustomCityPickerTableViewCell.swift in Sources */ = {isa = PBXBuildFile; fileRef = E4C8E158283BC1130034DE8B /* CustomCityPickerTableViewCell.swift */; };
		E4C8E15D283BE5B50034DE8B /* WeatherCityResponse.swift in Sources */ = {isa = PBXBuildFile; fileRef = E4C8E15C283BE5B50034DE8B /* WeatherCityResponse.swift */; };
		E4D54E812864B9BB00973FA6 /* CurrencyUrlProviderMock.swift in Sources */ = {isa = PBXBuildFile; fileRef = E4D54E802864B9BB00973FA6 /* CurrencyUrlProviderMock.swift */; };
		E4D6E41827F35B27002200F8 /* TranslateService.swift in Sources */ = {isa = PBXBuildFile; fileRef = E4D6E41727F35B27002200F8 /* TranslateService.swift */; };
		E4D6E41A27F35B40002200F8 /* TranslateServiceProtocol.swift in Sources */ = {isa = PBXBuildFile; fileRef = E4D6E41927F35B40002200F8 /* TranslateServiceProtocol.swift */; };
		E4D6E41C27F35B4C002200F8 /* WeatherService.swift in Sources */ = {isa = PBXBuildFile; fileRef = E4D6E41B27F35B4C002200F8 /* WeatherService.swift */; };
		E4D6E41E27F35B5A002200F8 /* WeatherServiceProtocol.swift in Sources */ = {isa = PBXBuildFile; fileRef = E4D6E41D27F35B5A002200F8 /* WeatherServiceProtocol.swift */; };
		E4D6E42027F36296002200F8 /* TranslateViewController.swift in Sources */ = {isa = PBXBuildFile; fileRef = E4D6E41F27F36296002200F8 /* TranslateViewController.swift */; };
		E4D6E42227F362A3002200F8 /* WeatherViewController.swift in Sources */ = {isa = PBXBuildFile; fileRef = E4D6E42127F362A3002200F8 /* WeatherViewController.swift */; };
		E4E1A2FA2848F53E0064D82A /* TranslateResponse.swift in Sources */ = {isa = PBXBuildFile; fileRef = E4E1A2F92848F53E0064D82A /* TranslateResponse.swift */; };
		E4E1A2FC2848F5CF0064D82A /* TranslateServiceError.swift in Sources */ = {isa = PBXBuildFile; fileRef = E4E1A2FB2848F5CF0064D82A /* TranslateServiceError.swift */; };
		E4E1A2FE2848F5F30064D82A /* WeatherServiceError.swift in Sources */ = {isa = PBXBuildFile; fileRef = E4E1A2FD2848F5F30064D82A /* WeatherServiceError.swift */; };
		E4E1A3002848F6240064D82A /* CurrencyServiceError.swift in Sources */ = {isa = PBXBuildFile; fileRef = E4E1A2FF2848F6240064D82A /* CurrencyServiceError.swift */; };
		E4E1A3022848F7370064D82A /* WeatherCitySelection.swift in Sources */ = {isa = PBXBuildFile; fileRef = E4E1A3012848F7370064D82A /* WeatherCitySelection.swift */; };
		E4E1A3042848F9C50064D82A /* LanguageSelectionType.swift in Sources */ = {isa = PBXBuildFile; fileRef = E4E1A3032848F9C50064D82A /* LanguageSelectionType.swift */; };
		E4E1A3062848FD480064D82A /* TranslationRequestBody.swift in Sources */ = {isa = PBXBuildFile; fileRef = E4E1A3052848FD480064D82A /* TranslationRequestBody.swift */; };
		E4E1A308284902150064D82A /* WeatherCity.swift in Sources */ = {isa = PBXBuildFile; fileRef = E4E1A307284902150064D82A /* WeatherCity.swift */; };
		E4E1A30A284904CA0064D82A /* CurrencySelectionType.swift in Sources */ = {isa = PBXBuildFile; fileRef = E4E1A309284904CA0064D82A /* CurrencySelectionType.swift */; };
		E4E6367627F7536C00DDDB6D /* LanguagePickerViewController.swift in Sources */ = {isa = PBXBuildFile; fileRef = E4E6367527F7536C00DDDB6D /* LanguagePickerViewController.swift */; };
		E4F455652833E8540075AAF5 /* CustomWeatherTableViewCell.swift in Sources */ = {isa = PBXBuildFile; fileRef = E4F455642833E8540075AAF5 /* CustomWeatherTableViewCell.swift */; };
		E4F4B2422865FEF700CB7E15 /* CurrencyNetworkServiceMock.swift in Sources */ = {isa = PBXBuildFile; fileRef = E4F4B2412865FEF700CB7E15 /* CurrencyNetworkServiceMock.swift */; };
		E4F583C127F73DD400FB6D59 /* CurrencyPickerViewController.swift in Sources */ = {isa = PBXBuildFile; fileRef = E4F583C027F73DD400FB6D59 /* CurrencyPickerViewController.swift */; };
/* End PBXBuildFile section */

/* Begin PBXContainerItemProxy section */
		E45B8C2527E386E100238229 /* PBXContainerItemProxy */ = {
			isa = PBXContainerItemProxy;
			containerPortal = E45B8C0627E386E000238229 /* Project object */;
			proxyType = 1;
			remoteGlobalIDString = E45B8C0D27E386E100238229;
			remoteInfo = LeBaluchon;
		};
		E45B8C2F27E386E100238229 /* PBXContainerItemProxy */ = {
			isa = PBXContainerItemProxy;
			containerPortal = E45B8C0627E386E000238229 /* Project object */;
			proxyType = 1;
			remoteGlobalIDString = E45B8C0D27E386E100238229;
			remoteInfo = LeBaluchon;
		};
/* End PBXContainerItemProxy section */

/* Begin PBXFileReference section */
		E41FDB1C286B40B20011A500 /* JSONEncoderMock.swift */ = {isa = PBXFileReference; lastKnownFileType = sourcecode.swift; path = JSONEncoderMock.swift; sourceTree = "<group>"; };
		E41FDB1E286B41240011A500 /* MockError.swift */ = {isa = PBXFileReference; lastKnownFileType = sourcecode.swift; path = MockError.swift; sourceTree = "<group>"; };
		E41FDB20286B45C10011A500 /* TranslationResponseMock.swift */ = {isa = PBXFileReference; lastKnownFileType = sourcecode.swift; path = TranslationResponseMock.swift; sourceTree = "<group>"; };
		E41FDB22286B468E0011A500 /* TranslateNetworkServiceFailureResponseMock.swift */ = {isa = PBXFileReference; lastKnownFileType = sourcecode.swift; path = TranslateNetworkServiceFailureResponseMock.swift; sourceTree = "<group>"; };
		E45860D02810441500FBD56C /* Language.swift */ = {isa = PBXFileReference; lastKnownFileType = sourcecode.swift; path = Language.swift; sourceTree = "<group>"; };
		E459433327ECC8DE00FE0259 /* NetworkService.swift */ = {isa = PBXFileReference; lastKnownFileType = sourcecode.swift; path = NetworkService.swift; sourceTree = "<group>"; };
		E459433627ECC92000FE0259 /* NetworkServiceError.swift */ = {isa = PBXFileReference; lastKnownFileType = sourcecode.swift; path = NetworkServiceError.swift; sourceTree = "<group>"; };
		E459433827ECC93400FE0259 /* NetworkServiceProtocol.swift */ = {isa = PBXFileReference; lastKnownFileType = sourcecode.swift; path = NetworkServiceProtocol.swift; sourceTree = "<group>"; };
		E459433A27ECC94500FE0259 /* FixerLatestResponse.swift */ = {isa = PBXFileReference; lastKnownFileType = sourcecode.swift; path = FixerLatestResponse.swift; sourceTree = "<group>"; };
		E459433C27ECC95900FE0259 /* CurrencyService.swift */ = {isa = PBXFileReference; lastKnownFileType = sourcecode.swift; path = CurrencyService.swift; sourceTree = "<group>"; };
		E459433E27ECC97100FE0259 /* CurencyServiceProtocol.swift */ = {isa = PBXFileReference; lastKnownFileType = sourcecode.swift; path = CurencyServiceProtocol.swift; sourceTree = "<group>"; };
		E45B8C0E27E386E100238229 /* LeBaluchon.app */ = {isa = PBXFileReference; explicitFileType = wrapper.application; includeInIndex = 0; path = LeBaluchon.app; sourceTree = BUILT_PRODUCTS_DIR; };
		E45B8C1127E386E100238229 /* AppDelegate.swift */ = {isa = PBXFileReference; lastKnownFileType = sourcecode.swift; path = AppDelegate.swift; sourceTree = "<group>"; };
		E45B8C1327E386E100238229 /* SceneDelegate.swift */ = {isa = PBXFileReference; lastKnownFileType = sourcecode.swift; path = SceneDelegate.swift; sourceTree = "<group>"; };
		E45B8C1527E386E100238229 /* CurrencyConverterViewController.swift */ = {isa = PBXFileReference; lastKnownFileType = sourcecode.swift; path = CurrencyConverterViewController.swift; sourceTree = "<group>"; };
		E45B8C1827E386E100238229 /* Base */ = {isa = PBXFileReference; lastKnownFileType = file.storyboard; name = Base; path = Base.lproj/Main.storyboard; sourceTree = "<group>"; };
		E45B8C1A27E386E100238229 /* Assets.xcassets */ = {isa = PBXFileReference; lastKnownFileType = folder.assetcatalog; path = Assets.xcassets; sourceTree = "<group>"; };
		E45B8C1D27E386E100238229 /* Base */ = {isa = PBXFileReference; lastKnownFileType = file.storyboard; name = Base; path = Base.lproj/LaunchScreen.storyboard; sourceTree = "<group>"; };
		E45B8C1F27E386E100238229 /* Info.plist */ = {isa = PBXFileReference; lastKnownFileType = text.plist.xml; path = Info.plist; sourceTree = "<group>"; };
		E45B8C2427E386E100238229 /* LeBaluchonTests.xctest */ = {isa = PBXFileReference; explicitFileType = wrapper.cfbundle; includeInIndex = 0; path = LeBaluchonTests.xctest; sourceTree = BUILT_PRODUCTS_DIR; };
		E45B8C2827E386E100238229 /* CurrencyServiceTests.swift */ = {isa = PBXFileReference; lastKnownFileType = sourcecode.swift; path = CurrencyServiceTests.swift; sourceTree = "<group>"; };
		E45B8C2E27E386E100238229 /* LeBaluchonUITests.xctest */ = {isa = PBXFileReference; explicitFileType = wrapper.cfbundle; includeInIndex = 0; path = LeBaluchonUITests.xctest; sourceTree = BUILT_PRODUCTS_DIR; };
		E45B8C3227E386E100238229 /* LeBaluchonUITests.swift */ = {isa = PBXFileReference; lastKnownFileType = sourcecode.swift; path = LeBaluchonUITests.swift; sourceTree = "<group>"; };
		E45B8C3427E386E100238229 /* LeBaluchonUITestsLaunchTests.swift */ = {isa = PBXFileReference; lastKnownFileType = sourcecode.swift; path = LeBaluchonUITestsLaunchTests.swift; sourceTree = "<group>"; };
		E4643BC227FAE40800E1C478 /* Currency.swift */ = {isa = PBXFileReference; lastKnownFileType = sourcecode.swift; path = Currency.swift; sourceTree = "<group>"; };
		E46C26E028085EB00070ECEC /* CityPickerViewController.swift */ = {isa = PBXFileReference; lastKnownFileType = sourcecode.swift; path = CityPickerViewController.swift; sourceTree = "<group>"; };
		E47A8E9E2869FBCB0000887C /* TranslateUrlProviderMock.swift */ = {isa = PBXFileReference; lastKnownFileType = sourcecode.swift; path = TranslateUrlProviderMock.swift; sourceTree = "<group>"; };
		E47A8EA02869FC3E0000887C /* TranslateServiceTests.swift */ = {isa = PBXFileReference; lastKnownFileType = sourcecode.swift; path = TranslateServiceTests.swift; sourceTree = "<group>"; };
		E47A8EA2286A068B0000887C /* TranslateNetworkServiceMock.swift */ = {isa = PBXFileReference; lastKnownFileType = sourcecode.swift; path = TranslateNetworkServiceMock.swift; sourceTree = "<group>"; };
		E482C72C286AFE4C006EC2A0 /* WeatherServiceTests.swift */ = {isa = PBXFileReference; lastKnownFileType = sourcecode.swift; path = WeatherServiceTests.swift; sourceTree = "<group>"; };
		E482C72E286B065B006EC2A0 /* WeatherUrlProviderMock.swift */ = {isa = PBXFileReference; lastKnownFileType = sourcecode.swift; path = WeatherUrlProviderMock.swift; sourceTree = "<group>"; };
		E482C730286B0723006EC2A0 /* WeatherNetworkServiceMock.swift */ = {isa = PBXFileReference; lastKnownFileType = sourcecode.swift; path = WeatherNetworkServiceMock.swift; sourceTree = "<group>"; };
		E4C8E158283BC1130034DE8B /* CustomCityPickerTableViewCell.swift */ = {isa = PBXFileReference; lastKnownFileType = sourcecode.swift; path = CustomCityPickerTableViewCell.swift; sourceTree = "<group>"; };
		E4C8E15C283BE5B50034DE8B /* WeatherCityResponse.swift */ = {isa = PBXFileReference; lastKnownFileType = sourcecode.swift; path = WeatherCityResponse.swift; sourceTree = "<group>"; };
		E4D54E802864B9BB00973FA6 /* CurrencyUrlProviderMock.swift */ = {isa = PBXFileReference; lastKnownFileType = sourcecode.swift; path = CurrencyUrlProviderMock.swift; sourceTree = "<group>"; };
		E4D6E41727F35B27002200F8 /* TranslateService.swift */ = {isa = PBXFileReference; lastKnownFileType = sourcecode.swift; path = TranslateService.swift; sourceTree = "<group>"; };
		E4D6E41927F35B40002200F8 /* TranslateServiceProtocol.swift */ = {isa = PBXFileReference; lastKnownFileType = sourcecode.swift; path = TranslateServiceProtocol.swift; sourceTree = "<group>"; };
		E4D6E41B27F35B4C002200F8 /* WeatherService.swift */ = {isa = PBXFileReference; lastKnownFileType = sourcecode.swift; path = WeatherService.swift; sourceTree = "<group>"; };
		E4D6E41D27F35B5A002200F8 /* WeatherServiceProtocol.swift */ = {isa = PBXFileReference; lastKnownFileType = sourcecode.swift; path = WeatherServiceProtocol.swift; sourceTree = "<group>"; };
		E4D6E41F27F36296002200F8 /* TranslateViewController.swift */ = {isa = PBXFileReference; lastKnownFileType = sourcecode.swift; path = TranslateViewController.swift; sourceTree = "<group>"; };
		E4D6E42127F362A3002200F8 /* WeatherViewController.swift */ = {isa = PBXFileReference; lastKnownFileType = sourcecode.swift; path = WeatherViewController.swift; sourceTree = "<group>"; };
		E4E1A2F92848F53E0064D82A /* TranslateResponse.swift */ = {isa = PBXFileReference; lastKnownFileType = sourcecode.swift; path = TranslateResponse.swift; sourceTree = "<group>"; };
		E4E1A2FB2848F5CF0064D82A /* TranslateServiceError.swift */ = {isa = PBXFileReference; lastKnownFileType = sourcecode.swift; path = TranslateServiceError.swift; sourceTree = "<group>"; };
		E4E1A2FD2848F5F30064D82A /* WeatherServiceError.swift */ = {isa = PBXFileReference; lastKnownFileType = sourcecode.swift; path = WeatherServiceError.swift; sourceTree = "<group>"; };
		E4E1A2FF2848F6240064D82A /* CurrencyServiceError.swift */ = {isa = PBXFileReference; lastKnownFileType = sourcecode.swift; path = CurrencyServiceError.swift; sourceTree = "<group>"; };
		E4E1A3012848F7370064D82A /* WeatherCitySelection.swift */ = {isa = PBXFileReference; lastKnownFileType = sourcecode.swift; path = WeatherCitySelection.swift; sourceTree = "<group>"; };
		E4E1A3032848F9C50064D82A /* LanguageSelectionType.swift */ = {isa = PBXFileReference; lastKnownFileType = sourcecode.swift; path = LanguageSelectionType.swift; sourceTree = "<group>"; };
		E4E1A3052848FD480064D82A /* TranslationRequestBody.swift */ = {isa = PBXFileReference; lastKnownFileType = sourcecode.swift; path = TranslationRequestBody.swift; sourceTree = "<group>"; };
		E4E1A307284902150064D82A /* WeatherCity.swift */ = {isa = PBXFileReference; lastKnownFileType = sourcecode.swift; path = WeatherCity.swift; sourceTree = "<group>"; };
		E4E1A309284904CA0064D82A /* CurrencySelectionType.swift */ = {isa = PBXFileReference; lastKnownFileType = sourcecode.swift; path = CurrencySelectionType.swift; sourceTree = "<group>"; };
		E4E6367527F7536C00DDDB6D /* LanguagePickerViewController.swift */ = {isa = PBXFileReference; lastKnownFileType = sourcecode.swift; path = LanguagePickerViewController.swift; sourceTree = "<group>"; };
		E4F455642833E8540075AAF5 /* CustomWeatherTableViewCell.swift */ = {isa = PBXFileReference; lastKnownFileType = sourcecode.swift; path = CustomWeatherTableViewCell.swift; sourceTree = "<group>"; };
		E4F4B2412865FEF700CB7E15 /* CurrencyNetworkServiceMock.swift */ = {isa = PBXFileReference; lastKnownFileType = sourcecode.swift; path = CurrencyNetworkServiceMock.swift; sourceTree = "<group>"; };
		E4F583C027F73DD400FB6D59 /* CurrencyPickerViewController.swift */ = {isa = PBXFileReference; lastKnownFileType = sourcecode.swift; path = CurrencyPickerViewController.swift; sourceTree = "<group>"; };
/* End PBXFileReference section */

/* Begin PBXFrameworksBuildPhase section */
		E45B8C0B27E386E100238229 /* Frameworks */ = {
			isa = PBXFrameworksBuildPhase;
			buildActionMask = 2147483647;
			files = (
			);
			runOnlyForDeploymentPostprocessing = 0;
		};
		E45B8C2127E386E100238229 /* Frameworks */ = {
			isa = PBXFrameworksBuildPhase;
			buildActionMask = 2147483647;
			files = (
			);
			runOnlyForDeploymentPostprocessing = 0;
		};
		E45B8C2B27E386E100238229 /* Frameworks */ = {
			isa = PBXFrameworksBuildPhase;
			buildActionMask = 2147483647;
			files = (
			);
			runOnlyForDeploymentPostprocessing = 0;
		};
/* End PBXFrameworksBuildPhase section */

/* Begin PBXGroup section */
		E459433527ECC8E800FE0259 /* Model */ = {
			isa = PBXGroup;
			children = (
				E459434327ECC9F100FE0259 /* NetworkService */,
				E4D6E41527F35AE1002200F8 /* TranslateService */,
				E4D6E41627F35B02002200F8 /* WeatherService */,
				E459434427ECCA0900FE0259 /* CurrencyService */,
			);
			path = Model;
			sourceTree = "<group>";
		};
		E459434027ECC98D00FE0259 /* Controller */ = {
			isa = PBXGroup;
			children = (
				E46C26DF28085E8C0070ECEC /* WeatherViewController */,
				E4F583C427F73E0700FB6D59 /* CurrencyViewController */,
				E4E6367927F7568B00DDDB6D /* TranslateViewController */,
			);
			path = Controller;
			sourceTree = "<group>";
		};
		E459434127ECC9A400FE0259 /* View */ = {
			isa = PBXGroup;
			children = (
				E45B8C1727E386E100238229 /* Main.storyboard */,
				E4F455642833E8540075AAF5 /* CustomWeatherTableViewCell.swift */,
				E4C8E158283BC1130034DE8B /* CustomCityPickerTableViewCell.swift */,
				E45B8C1C27E386E100238229 /* LaunchScreen.storyboard */,
				E45B8C1A27E386E100238229 /* Assets.xcassets */,
			);
			path = View;
			sourceTree = "<group>";
		};
		E459434327ECC9F100FE0259 /* NetworkService */ = {
			isa = PBXGroup;
			children = (
				E459433327ECC8DE00FE0259 /* NetworkService.swift */,
				E459433827ECC93400FE0259 /* NetworkServiceProtocol.swift */,
				E459433627ECC92000FE0259 /* NetworkServiceError.swift */,
			);
			path = NetworkService;
			sourceTree = "<group>";
		};
		E459434427ECCA0900FE0259 /* CurrencyService */ = {
			isa = PBXGroup;
			children = (
				E459433C27ECC95900FE0259 /* CurrencyService.swift */,
				E459433A27ECC94500FE0259 /* FixerLatestResponse.swift */,
				E4E1A309284904CA0064D82A /* CurrencySelectionType.swift */,
				E4643BC227FAE40800E1C478 /* Currency.swift */,
				E459433E27ECC97100FE0259 /* CurencyServiceProtocol.swift */,
				E4E1A2FF2848F6240064D82A /* CurrencyServiceError.swift */,
			);
			path = CurrencyService;
			sourceTree = "<group>";
		};
		E45B8C0527E386E000238229 = {
			isa = PBXGroup;
			children = (
				E45B8C1027E386E100238229 /* LeBaluchon */,
				E45B8C2727E386E100238229 /* LeBaluchonTests */,
				E45B8C3127E386E100238229 /* LeBaluchonUITests */,
				E45B8C0F27E386E100238229 /* Products */,
			);
			sourceTree = "<group>";
		};
		E45B8C0F27E386E100238229 /* Products */ = {
			isa = PBXGroup;
			children = (
				E45B8C0E27E386E100238229 /* LeBaluchon.app */,
				E45B8C2427E386E100238229 /* LeBaluchonTests.xctest */,
				E45B8C2E27E386E100238229 /* LeBaluchonUITests.xctest */,
			);
			name = Products;
			sourceTree = "<group>";
		};
		E45B8C1027E386E100238229 /* LeBaluchon */ = {
			isa = PBXGroup;
			children = (
				E459434127ECC9A400FE0259 /* View */,
				E459434027ECC98D00FE0259 /* Controller */,
				E459433527ECC8E800FE0259 /* Model */,
				E45B8C1127E386E100238229 /* AppDelegate.swift */,
				E45B8C1327E386E100238229 /* SceneDelegate.swift */,
				E45B8C1F27E386E100238229 /* Info.plist */,
			);
			path = LeBaluchon;
			sourceTree = "<group>";
		};
		E45B8C2727E386E100238229 /* LeBaluchonTests */ = {
			isa = PBXGroup;
			children = (
				E45B8C2827E386E100238229 /* CurrencyServiceTests.swift */,
				E47A8EA02869FC3E0000887C /* TranslateServiceTests.swift */,
				E482C72C286AFE4C006EC2A0 /* WeatherServiceTests.swift */,
				E4D54E7F2864B99D00973FA6 /* Mocks */,
			);
			path = LeBaluchonTests;
			sourceTree = "<group>";
		};
		E45B8C3127E386E100238229 /* LeBaluchonUITests */ = {
			isa = PBXGroup;
			children = (
				E45B8C3227E386E100238229 /* LeBaluchonUITests.swift */,
				E45B8C3427E386E100238229 /* LeBaluchonUITestsLaunchTests.swift */,
			);
			path = LeBaluchonUITests;
			sourceTree = "<group>";
		};
		E46C26DF28085E8C0070ECEC /* WeatherViewController */ = {
			isa = PBXGroup;
			children = (
				E4D6E42127F362A3002200F8 /* WeatherViewController.swift */,
				E46C26E028085EB00070ECEC /* CityPickerViewController.swift */,
			);
			path = WeatherViewController;
			sourceTree = "<group>";
		};
		E4D54E7F2864B99D00973FA6 /* Mocks */ = {
			isa = PBXGroup;
			children = (
				E4F4B2412865FEF700CB7E15 /* CurrencyNetworkServiceMock.swift */,
				E4D54E802864B9BB00973FA6 /* CurrencyUrlProviderMock.swift */,
				E47A8EA2286A068B0000887C /* TranslateNetworkServiceMock.swift */,
				E47A8E9E2869FBCB0000887C /* TranslateUrlProviderMock.swift */,
				E482C72E286B065B006EC2A0 /* WeatherUrlProviderMock.swift */,
				E482C730286B0723006EC2A0 /* WeatherNetworkServiceMock.swift */,
				E41FDB1C286B40B20011A500 /* JSONEncoderMock.swift */,
				E41FDB1E286B41240011A500 /* MockError.swift */,
				E41FDB20286B45C10011A500 /* TranslationResponseMock.swift */,
				E41FDB22286B468E0011A500 /* TranslateNetworkServiceFailureResponseMock.swift */,
			);
			path = Mocks;
			sourceTree = "<group>";
		};
		E4D6E41527F35AE1002200F8 /* TranslateService */ = {
			isa = PBXGroup;
			children = (
				E4D6E41727F35B27002200F8 /* TranslateService.swift */,
				E4E1A2F92848F53E0064D82A /* TranslateResponse.swift */,
				E4E1A3052848FD480064D82A /* TranslationRequestBody.swift */,
				E4E1A3032848F9C50064D82A /* LanguageSelectionType.swift */,
				E45860D02810441500FBD56C /* Language.swift */,
				E4D6E41927F35B40002200F8 /* TranslateServiceProtocol.swift */,
				E4E1A2FB2848F5CF0064D82A /* TranslateServiceError.swift */,
			);
			path = TranslateService;
			sourceTree = "<group>";
		};
		E4D6E41627F35B02002200F8 /* WeatherService */ = {
			isa = PBXGroup;
			children = (
				E4D6E41B27F35B4C002200F8 /* WeatherService.swift */,
				E4C8E15C283BE5B50034DE8B /* WeatherCityResponse.swift */,
				E4E1A307284902150064D82A /* WeatherCity.swift */,
				E4E1A3012848F7370064D82A /* WeatherCitySelection.swift */,
				E4D6E41D27F35B5A002200F8 /* WeatherServiceProtocol.swift */,
				E4E1A2FD2848F5F30064D82A /* WeatherServiceError.swift */,
			);
			path = WeatherService;
			sourceTree = "<group>";
		};
		E4E6367927F7568B00DDDB6D /* TranslateViewController */ = {
			isa = PBXGroup;
			children = (
				E4D6E41F27F36296002200F8 /* TranslateViewController.swift */,
				E4E6367527F7536C00DDDB6D /* LanguagePickerViewController.swift */,
			);
			path = TranslateViewController;
			sourceTree = "<group>";
		};
		E4F583C427F73E0700FB6D59 /* CurrencyViewController */ = {
			isa = PBXGroup;
			children = (
				E45B8C1527E386E100238229 /* CurrencyConverterViewController.swift */,
				E4F583C027F73DD400FB6D59 /* CurrencyPickerViewController.swift */,
			);
			path = CurrencyViewController;
			sourceTree = "<group>";
		};
/* End PBXGroup section */

/* Begin PBXNativeTarget section */
		E45B8C0D27E386E100238229 /* LeBaluchon */ = {
			isa = PBXNativeTarget;
			buildConfigurationList = E45B8C3827E386E100238229 /* Build configuration list for PBXNativeTarget "LeBaluchon" */;
			buildPhases = (
				E45B8C0A27E386E100238229 /* Sources */,
				E45B8C0B27E386E100238229 /* Frameworks */,
				E45B8C0C27E386E100238229 /* Resources */,
			);
			buildRules = (
			);
			dependencies = (
			);
			name = LeBaluchon;
			productName = LeBaluchon;
			productReference = E45B8C0E27E386E100238229 /* LeBaluchon.app */;
			productType = "com.apple.product-type.application";
		};
		E45B8C2327E386E100238229 /* LeBaluchonTests */ = {
			isa = PBXNativeTarget;
			buildConfigurationList = E45B8C3B27E386E100238229 /* Build configuration list for PBXNativeTarget "LeBaluchonTests" */;
			buildPhases = (
				E45B8C2027E386E100238229 /* Sources */,
				E45B8C2127E386E100238229 /* Frameworks */,
				E45B8C2227E386E100238229 /* Resources */,
			);
			buildRules = (
			);
			dependencies = (
				E45B8C2627E386E100238229 /* PBXTargetDependency */,
			);
			name = LeBaluchonTests;
			productName = LeBaluchonTests;
			productReference = E45B8C2427E386E100238229 /* LeBaluchonTests.xctest */;
			productType = "com.apple.product-type.bundle.unit-test";
		};
		E45B8C2D27E386E100238229 /* LeBaluchonUITests */ = {
			isa = PBXNativeTarget;
			buildConfigurationList = E45B8C3E27E386E100238229 /* Build configuration list for PBXNativeTarget "LeBaluchonUITests" */;
			buildPhases = (
				E45B8C2A27E386E100238229 /* Sources */,
				E45B8C2B27E386E100238229 /* Frameworks */,
				E45B8C2C27E386E100238229 /* Resources */,
			);
			buildRules = (
			);
			dependencies = (
				E45B8C3027E386E100238229 /* PBXTargetDependency */,
			);
			name = LeBaluchonUITests;
			productName = LeBaluchonUITests;
			productReference = E45B8C2E27E386E100238229 /* LeBaluchonUITests.xctest */;
			productType = "com.apple.product-type.bundle.ui-testing";
		};
/* End PBXNativeTarget section */

/* Begin PBXProject section */
		E45B8C0627E386E000238229 /* Project object */ = {
			isa = PBXProject;
			attributes = {
				BuildIndependentTargetsInParallel = 1;
				LastSwiftUpdateCheck = 1310;
				LastUpgradeCheck = 1310;
				TargetAttributes = {
					E45B8C0D27E386E100238229 = {
						CreatedOnToolsVersion = 13.1;
					};
					E45B8C2327E386E100238229 = {
						CreatedOnToolsVersion = 13.1;
						TestTargetID = E45B8C0D27E386E100238229;
					};
					E45B8C2D27E386E100238229 = {
						CreatedOnToolsVersion = 13.1;
						TestTargetID = E45B8C0D27E386E100238229;
					};
				};
			};
			buildConfigurationList = E45B8C0927E386E000238229 /* Build configuration list for PBXProject "LeBaluchon" */;
			compatibilityVersion = "Xcode 13.0";
			developmentRegion = en;
			hasScannedForEncodings = 0;
			knownRegions = (
				en,
				Base,
			);
			mainGroup = E45B8C0527E386E000238229;
			productRefGroup = E45B8C0F27E386E100238229 /* Products */;
			projectDirPath = "";
			projectRoot = "";
			targets = (
				E45B8C0D27E386E100238229 /* LeBaluchon */,
				E45B8C2327E386E100238229 /* LeBaluchonTests */,
				E45B8C2D27E386E100238229 /* LeBaluchonUITests */,
			);
		};
/* End PBXProject section */

/* Begin PBXResourcesBuildPhase section */
		E45B8C0C27E386E100238229 /* Resources */ = {
			isa = PBXResourcesBuildPhase;
			buildActionMask = 2147483647;
			files = (
				E45B8C1E27E386E100238229 /* LaunchScreen.storyboard in Resources */,
				E45B8C1B27E386E100238229 /* Assets.xcassets in Resources */,
				E45B8C1927E386E100238229 /* Main.storyboard in Resources */,
			);
			runOnlyForDeploymentPostprocessing = 0;
		};
		E45B8C2227E386E100238229 /* Resources */ = {
			isa = PBXResourcesBuildPhase;
			buildActionMask = 2147483647;
			files = (
			);
			runOnlyForDeploymentPostprocessing = 0;
		};
		E45B8C2C27E386E100238229 /* Resources */ = {
			isa = PBXResourcesBuildPhase;
			buildActionMask = 2147483647;
			files = (
			);
			runOnlyForDeploymentPostprocessing = 0;
		};
/* End PBXResourcesBuildPhase section */

/* Begin PBXSourcesBuildPhase section */
		E45B8C0A27E386E100238229 /* Sources */ = {
			isa = PBXSourcesBuildPhase;
			buildActionMask = 2147483647;
			files = (
				E4E1A3042848F9C50064D82A /* LanguageSelectionType.swift in Sources */,
				E459433727ECC92000FE0259 /* NetworkServiceError.swift in Sources */,
				E4F455652833E8540075AAF5 /* CustomWeatherTableViewCell.swift in Sources */,
				E45860D12810441500FBD56C /* Language.swift in Sources */,
				E4E1A2FE2848F5F30064D82A /* WeatherServiceError.swift in Sources */,
				E4D6E42227F362A3002200F8 /* WeatherViewController.swift in Sources */,
				E45B8C1627E386E100238229 /* CurrencyConverterViewController.swift in Sources */,
				E4E1A3022848F7370064D82A /* WeatherCitySelection.swift in Sources */,
				E4C8E159283BC1130034DE8B /* CustomCityPickerTableViewCell.swift in Sources */,
				E4E1A30A284904CA0064D82A /* CurrencySelectionType.swift in Sources */,
				E4C8E15D283BE5B50034DE8B /* WeatherCityResponse.swift in Sources */,
				E459433927ECC93400FE0259 /* NetworkServiceProtocol.swift in Sources */,
				E4D6E41A27F35B40002200F8 /* TranslateServiceProtocol.swift in Sources */,
				E4D6E41C27F35B4C002200F8 /* WeatherService.swift in Sources */,
				E4D6E41E27F35B5A002200F8 /* WeatherServiceProtocol.swift in Sources */,
				E459433427ECC8DE00FE0259 /* NetworkService.swift in Sources */,
				E459433F27ECC97100FE0259 /* CurencyServiceProtocol.swift in Sources */,
				E4643BC327FAE40800E1C478 /* Currency.swift in Sources */,
				E459433D27ECC95900FE0259 /* CurrencyService.swift in Sources */,
				E4E1A3002848F6240064D82A /* CurrencyServiceError.swift in Sources */,
				E4D6E41827F35B27002200F8 /* TranslateService.swift in Sources */,
				E4E1A2FC2848F5CF0064D82A /* TranslateServiceError.swift in Sources */,
				E4E1A3062848FD480064D82A /* TranslationRequestBody.swift in Sources */,
				E46C26E128085EB00070ECEC /* CityPickerViewController.swift in Sources */,
				E4F583C127F73DD400FB6D59 /* CurrencyPickerViewController.swift in Sources */,
				E45B8C1227E386E100238229 /* AppDelegate.swift in Sources */,
				E4E6367627F7536C00DDDB6D /* LanguagePickerViewController.swift in Sources */,
				E459433B27ECC94500FE0259 /* FixerLatestResponse.swift in Sources */,
				E45B8C1427E386E100238229 /* SceneDelegate.swift in Sources */,
				E4D6E42027F36296002200F8 /* TranslateViewController.swift in Sources */,
				E4E1A308284902150064D82A /* WeatherCity.swift in Sources */,
				E4E1A2FA2848F53E0064D82A /* TranslateResponse.swift in Sources */,
			);
			runOnlyForDeploymentPostprocessing = 0;
		};
		E45B8C2027E386E100238229 /* Sources */ = {
			isa = PBXSourcesBuildPhase;
			buildActionMask = 2147483647;
			files = (
				E41FDB21286B45C10011A500 /* TranslationResponseMock.swift in Sources */,
				E41FDB1F286B41240011A500 /* MockError.swift in Sources */,
				E47A8EA12869FC3E0000887C /* TranslateServiceTests.swift in Sources */,
				E45B8C2927E386E100238229 /* CurrencyServiceTests.swift in Sources */,
				E41FDB1D286B40B20011A500 /* JSONEncoderMock.swift in Sources */,
				E482C72D286AFE4C006EC2A0 /* WeatherServiceTests.swift in Sources */,
				E4D54E812864B9BB00973FA6 /* CurrencyUrlProviderMock.swift in Sources */,
				E4F4B2422865FEF700CB7E15 /* CurrencyNetworkServiceMock.swift in Sources */,
				E41FDB23286B468E0011A500 /* TranslateNetworkServiceFailureResponseMock.swift in Sources */,
				E47A8E9F2869FBCB0000887C /* TranslateUrlProviderMock.swift in Sources */,
				E47A8EA3286A068B0000887C /* TranslateNetworkServiceMock.swift in Sources */,
				E482C72F286B065B006EC2A0 /* WeatherUrlProviderMock.swift in Sources */,
				E482C731286B0723006EC2A0 /* WeatherNetworkServiceMock.swift in Sources */,
			);
			runOnlyForDeploymentPostprocessing = 0;
		};
		E45B8C2A27E386E100238229 /* Sources */ = {
			isa = PBXSourcesBuildPhase;
			buildActionMask = 2147483647;
			files = (
				E45B8C3327E386E100238229 /* LeBaluchonUITests.swift in Sources */,
				E45B8C3527E386E100238229 /* LeBaluchonUITestsLaunchTests.swift in Sources */,
			);
			runOnlyForDeploymentPostprocessing = 0;
		};
/* End PBXSourcesBuildPhase section */

/* Begin PBXTargetDependency section */
		E45B8C2627E386E100238229 /* PBXTargetDependency */ = {
			isa = PBXTargetDependency;
			target = E45B8C0D27E386E100238229 /* LeBaluchon */;
			targetProxy = E45B8C2527E386E100238229 /* PBXContainerItemProxy */;
		};
		E45B8C3027E386E100238229 /* PBXTargetDependency */ = {
			isa = PBXTargetDependency;
			target = E45B8C0D27E386E100238229 /* LeBaluchon */;
			targetProxy = E45B8C2F27E386E100238229 /* PBXContainerItemProxy */;
		};
/* End PBXTargetDependency section */

/* Begin PBXVariantGroup section */
		E45B8C1727E386E100238229 /* Main.storyboard */ = {
			isa = PBXVariantGroup;
			children = (
				E45B8C1827E386E100238229 /* Base */,
			);
			name = Main.storyboard;
			sourceTree = "<group>";
		};
		E45B8C1C27E386E100238229 /* LaunchScreen.storyboard */ = {
			isa = PBXVariantGroup;
			children = (
				E45B8C1D27E386E100238229 /* Base */,
			);
			name = LaunchScreen.storyboard;
			sourceTree = "<group>";
		};
/* End PBXVariantGroup section */

/* Begin XCBuildConfiguration section */
		E45B8C3627E386E100238229 /* Debug */ = {
			isa = XCBuildConfiguration;
			buildSettings = {
				ALWAYS_SEARCH_USER_PATHS = NO;
				CLANG_ANALYZER_NONNULL = YES;
				CLANG_ANALYZER_NUMBER_OBJECT_CONVERSION = YES_AGGRESSIVE;
				CLANG_CXX_LANGUAGE_STANDARD = "gnu++17";
				CLANG_CXX_LIBRARY = "libc++";
				CLANG_ENABLE_MODULES = YES;
				CLANG_ENABLE_OBJC_ARC = YES;
				CLANG_ENABLE_OBJC_WEAK = YES;
				CLANG_WARN_BLOCK_CAPTURE_AUTORELEASING = YES;
				CLANG_WARN_BOOL_CONVERSION = YES;
				CLANG_WARN_COMMA = YES;
				CLANG_WARN_CONSTANT_CONVERSION = YES;
				CLANG_WARN_DEPRECATED_OBJC_IMPLEMENTATIONS = YES;
				CLANG_WARN_DIRECT_OBJC_ISA_USAGE = YES_ERROR;
				CLANG_WARN_DOCUMENTATION_COMMENTS = YES;
				CLANG_WARN_EMPTY_BODY = YES;
				CLANG_WARN_ENUM_CONVERSION = YES;
				CLANG_WARN_INFINITE_RECURSION = YES;
				CLANG_WARN_INT_CONVERSION = YES;
				CLANG_WARN_NON_LITERAL_NULL_CONVERSION = YES;
				CLANG_WARN_OBJC_IMPLICIT_RETAIN_SELF = YES;
				CLANG_WARN_OBJC_LITERAL_CONVERSION = YES;
				CLANG_WARN_OBJC_ROOT_CLASS = YES_ERROR;
				CLANG_WARN_QUOTED_INCLUDE_IN_FRAMEWORK_HEADER = YES;
				CLANG_WARN_RANGE_LOOP_ANALYSIS = YES;
				CLANG_WARN_STRICT_PROTOTYPES = YES;
				CLANG_WARN_SUSPICIOUS_MOVE = YES;
				CLANG_WARN_UNGUARDED_AVAILABILITY = YES_AGGRESSIVE;
				CLANG_WARN_UNREACHABLE_CODE = YES;
				CLANG_WARN__DUPLICATE_METHOD_MATCH = YES;
				COPY_PHASE_STRIP = NO;
				DEBUG_INFORMATION_FORMAT = dwarf;
				ENABLE_STRICT_OBJC_MSGSEND = YES;
				ENABLE_TESTABILITY = YES;
				GCC_C_LANGUAGE_STANDARD = gnu11;
				GCC_DYNAMIC_NO_PIC = NO;
				GCC_NO_COMMON_BLOCKS = YES;
				GCC_OPTIMIZATION_LEVEL = 0;
				GCC_PREPROCESSOR_DEFINITIONS = (
					"DEBUG=1",
					"$(inherited)",
				);
				GCC_WARN_64_TO_32_BIT_CONVERSION = YES;
				GCC_WARN_ABOUT_RETURN_TYPE = YES_ERROR;
				GCC_WARN_UNDECLARED_SELECTOR = YES;
				GCC_WARN_UNINITIALIZED_AUTOS = YES_AGGRESSIVE;
				GCC_WARN_UNUSED_FUNCTION = YES;
				GCC_WARN_UNUSED_VARIABLE = YES;
				IPHONEOS_DEPLOYMENT_TARGET = 15.0;
				MTL_ENABLE_DEBUG_INFO = INCLUDE_SOURCE;
				MTL_FAST_MATH = YES;
				ONLY_ACTIVE_ARCH = YES;
				SDKROOT = iphoneos;
				SWIFT_ACTIVE_COMPILATION_CONDITIONS = DEBUG;
				SWIFT_OPTIMIZATION_LEVEL = "-Onone";
			};
			name = Debug;
		};
		E45B8C3727E386E100238229 /* Release */ = {
			isa = XCBuildConfiguration;
			buildSettings = {
				ALWAYS_SEARCH_USER_PATHS = NO;
				CLANG_ANALYZER_NONNULL = YES;
				CLANG_ANALYZER_NUMBER_OBJECT_CONVERSION = YES_AGGRESSIVE;
				CLANG_CXX_LANGUAGE_STANDARD = "gnu++17";
				CLANG_CXX_LIBRARY = "libc++";
				CLANG_ENABLE_MODULES = YES;
				CLANG_ENABLE_OBJC_ARC = YES;
				CLANG_ENABLE_OBJC_WEAK = YES;
				CLANG_WARN_BLOCK_CAPTURE_AUTORELEASING = YES;
				CLANG_WARN_BOOL_CONVERSION = YES;
				CLANG_WARN_COMMA = YES;
				CLANG_WARN_CONSTANT_CONVERSION = YES;
				CLANG_WARN_DEPRECATED_OBJC_IMPLEMENTATIONS = YES;
				CLANG_WARN_DIRECT_OBJC_ISA_USAGE = YES_ERROR;
				CLANG_WARN_DOCUMENTATION_COMMENTS = YES;
				CLANG_WARN_EMPTY_BODY = YES;
				CLANG_WARN_ENUM_CONVERSION = YES;
				CLANG_WARN_INFINITE_RECURSION = YES;
				CLANG_WARN_INT_CONVERSION = YES;
				CLANG_WARN_NON_LITERAL_NULL_CONVERSION = YES;
				CLANG_WARN_OBJC_IMPLICIT_RETAIN_SELF = YES;
				CLANG_WARN_OBJC_LITERAL_CONVERSION = YES;
				CLANG_WARN_OBJC_ROOT_CLASS = YES_ERROR;
				CLANG_WARN_QUOTED_INCLUDE_IN_FRAMEWORK_HEADER = YES;
				CLANG_WARN_RANGE_LOOP_ANALYSIS = YES;
				CLANG_WARN_STRICT_PROTOTYPES = YES;
				CLANG_WARN_SUSPICIOUS_MOVE = YES;
				CLANG_WARN_UNGUARDED_AVAILABILITY = YES_AGGRESSIVE;
				CLANG_WARN_UNREACHABLE_CODE = YES;
				CLANG_WARN__DUPLICATE_METHOD_MATCH = YES;
				COPY_PHASE_STRIP = NO;
				DEBUG_INFORMATION_FORMAT = "dwarf-with-dsym";
				ENABLE_NS_ASSERTIONS = NO;
				ENABLE_STRICT_OBJC_MSGSEND = YES;
				GCC_C_LANGUAGE_STANDARD = gnu11;
				GCC_NO_COMMON_BLOCKS = YES;
				GCC_WARN_64_TO_32_BIT_CONVERSION = YES;
				GCC_WARN_ABOUT_RETURN_TYPE = YES_ERROR;
				GCC_WARN_UNDECLARED_SELECTOR = YES;
				GCC_WARN_UNINITIALIZED_AUTOS = YES_AGGRESSIVE;
				GCC_WARN_UNUSED_FUNCTION = YES;
				GCC_WARN_UNUSED_VARIABLE = YES;
				IPHONEOS_DEPLOYMENT_TARGET = 15.0;
				MTL_ENABLE_DEBUG_INFO = NO;
				MTL_FAST_MATH = YES;
				SDKROOT = iphoneos;
				SWIFT_COMPILATION_MODE = wholemodule;
				SWIFT_OPTIMIZATION_LEVEL = "-O";
				VALIDATE_PRODUCT = YES;
			};
			name = Release;
		};
		E45B8C3927E386E100238229 /* Debug */ = {
			isa = XCBuildConfiguration;
			buildSettings = {
				ASSETCATALOG_COMPILER_APPICON_NAME = AppIcon;
				ASSETCATALOG_COMPILER_GLOBAL_ACCENT_COLOR_NAME = AccentColor;
				CODE_SIGN_STYLE = Automatic;
				CURRENT_PROJECT_VERSION = 1;
				DEVELOPMENT_TEAM = BPYC96MR8N;
				GENERATE_INFOPLIST_FILE = YES;
				INFOPLIST_FILE = LeBaluchon/Info.plist;
				INFOPLIST_KEY_UIApplicationSupportsIndirectInputEvents = YES;
				INFOPLIST_KEY_UILaunchStoryboardName = LaunchScreen;
				INFOPLIST_KEY_UIMainStoryboardFile = Main;
				INFOPLIST_KEY_UISupportedInterfaceOrientations_iPad = "UIInterfaceOrientationPortrait UIInterfaceOrientationPortraitUpsideDown UIInterfaceOrientationLandscapeLeft UIInterfaceOrientationLandscapeRight";
				INFOPLIST_KEY_UISupportedInterfaceOrientations_iPhone = "UIInterfaceOrientationPortrait UIInterfaceOrientationLandscapeLeft UIInterfaceOrientationLandscapeRight";
				LD_RUNPATH_SEARCH_PATHS = (
					"$(inherited)",
					"@executable_path/Frameworks",
				);
				MARKETING_VERSION = 1.0;
				PRODUCT_BUNDLE_IDENTIFIER = com.yannrzd.LeBaluchon;
				PRODUCT_NAME = "$(TARGET_NAME)";
				SWIFT_EMIT_LOC_STRINGS = YES;
				SWIFT_VERSION = 5.0;
				TARGETED_DEVICE_FAMILY = "1,2";
			};
			name = Debug;
		};
		E45B8C3A27E386E100238229 /* Release */ = {
			isa = XCBuildConfiguration;
			buildSettings = {
				ASSETCATALOG_COMPILER_APPICON_NAME = AppIcon;
				ASSETCATALOG_COMPILER_GLOBAL_ACCENT_COLOR_NAME = AccentColor;
				CODE_SIGN_STYLE = Automatic;
				CURRENT_PROJECT_VERSION = 1;
				DEVELOPMENT_TEAM = BPYC96MR8N;
				GENERATE_INFOPLIST_FILE = YES;
				INFOPLIST_FILE = LeBaluchon/Info.plist;
				INFOPLIST_KEY_UIApplicationSupportsIndirectInputEvents = YES;
				INFOPLIST_KEY_UILaunchStoryboardName = LaunchScreen;
				INFOPLIST_KEY_UIMainStoryboardFile = Main;
				INFOPLIST_KEY_UISupportedInterfaceOrientations_iPad = "UIInterfaceOrientationPortrait UIInterfaceOrientationPortraitUpsideDown UIInterfaceOrientationLandscapeLeft UIInterfaceOrientationLandscapeRight";
				INFOPLIST_KEY_UISupportedInterfaceOrientations_iPhone = "UIInterfaceOrientationPortrait UIInterfaceOrientationLandscapeLeft UIInterfaceOrientationLandscapeRight";
				LD_RUNPATH_SEARCH_PATHS = (
					"$(inherited)",
					"@executable_path/Frameworks",
				);
				MARKETING_VERSION = 1.0;
				PRODUCT_BUNDLE_IDENTIFIER = com.yannrzd.LeBaluchon;
				PRODUCT_NAME = "$(TARGET_NAME)";
				SWIFT_EMIT_LOC_STRINGS = YES;
				SWIFT_VERSION = 5.0;
				TARGETED_DEVICE_FAMILY = "1,2";
			};
			name = Release;
		};
		E45B8C3C27E386E100238229 /* Debug */ = {
			isa = XCBuildConfiguration;
			buildSettings = {
				ALWAYS_EMBED_SWIFT_STANDARD_LIBRARIES = YES;
				BUNDLE_LOADER = "$(TEST_HOST)";
				CODE_SIGN_STYLE = Automatic;
				CURRENT_PROJECT_VERSION = 1;
				DEVELOPMENT_TEAM = BPYC96MR8N;
				GENERATE_INFOPLIST_FILE = YES;
				IPHONEOS_DEPLOYMENT_TARGET = 15.0;
				LD_RUNPATH_SEARCH_PATHS = (
					"$(inherited)",
					"@executable_path/Frameworks",
					"@loader_path/Frameworks",
				);
				MARKETING_VERSION = 1.0;
				PRODUCT_BUNDLE_IDENTIFIER = com.yannrzd.LeBaluchonTests;
				PRODUCT_NAME = "$(TARGET_NAME)";
				SWIFT_EMIT_LOC_STRINGS = NO;
				SWIFT_VERSION = 5.0;
				TARGETED_DEVICE_FAMILY = "1,2";
				TEST_HOST = "$(BUILT_PRODUCTS_DIR)/LeBaluchon.app/LeBaluchon";
			};
			name = Debug;
		};
		E45B8C3D27E386E100238229 /* Release */ = {
			isa = XCBuildConfiguration;
			buildSettings = {
				ALWAYS_EMBED_SWIFT_STANDARD_LIBRARIES = YES;
				BUNDLE_LOADER = "$(TEST_HOST)";
				CODE_SIGN_STYLE = Automatic;
				CURRENT_PROJECT_VERSION = 1;
				DEVELOPMENT_TEAM = BPYC96MR8N;
				GENERATE_INFOPLIST_FILE = YES;
				IPHONEOS_DEPLOYMENT_TARGET = 15.0;
				LD_RUNPATH_SEARCH_PATHS = (
					"$(inherited)",
					"@executable_path/Frameworks",
					"@loader_path/Frameworks",
				);
				MARKETING_VERSION = 1.0;
				PRODUCT_BUNDLE_IDENTIFIER = com.yannrzd.LeBaluchonTests;
				PRODUCT_NAME = "$(TARGET_NAME)";
				SWIFT_EMIT_LOC_STRINGS = NO;
				SWIFT_VERSION = 5.0;
				TARGETED_DEVICE_FAMILY = "1,2";
				TEST_HOST = "$(BUILT_PRODUCTS_DIR)/LeBaluchon.app/LeBaluchon";
			};
			name = Release;
		};
		E45B8C3F27E386E100238229 /* Debug */ = {
			isa = XCBuildConfiguration;
			buildSettings = {
				ALWAYS_EMBED_SWIFT_STANDARD_LIBRARIES = YES;
				CODE_SIGN_STYLE = Automatic;
				CURRENT_PROJECT_VERSION = 1;
				DEVELOPMENT_TEAM = BPYC96MR8N;
				GENERATE_INFOPLIST_FILE = YES;
				LD_RUNPATH_SEARCH_PATHS = (
					"$(inherited)",
					"@executable_path/Frameworks",
					"@loader_path/Frameworks",
				);
				MARKETING_VERSION = 1.0;
				PRODUCT_BUNDLE_IDENTIFIER = com.yannrzd.LeBaluchonUITests;
				PRODUCT_NAME = "$(TARGET_NAME)";
				SWIFT_EMIT_LOC_STRINGS = NO;
				SWIFT_VERSION = 5.0;
				TARGETED_DEVICE_FAMILY = "1,2";
				TEST_TARGET_NAME = LeBaluchon;
			};
			name = Debug;
		};
		E45B8C4027E386E100238229 /* Release */ = {
			isa = XCBuildConfiguration;
			buildSettings = {
				ALWAYS_EMBED_SWIFT_STANDARD_LIBRARIES = YES;
				CODE_SIGN_STYLE = Automatic;
				CURRENT_PROJECT_VERSION = 1;
				DEVELOPMENT_TEAM = BPYC96MR8N;
				GENERATE_INFOPLIST_FILE = YES;
				LD_RUNPATH_SEARCH_PATHS = (
					"$(inherited)",
					"@executable_path/Frameworks",
					"@loader_path/Frameworks",
				);
				MARKETING_VERSION = 1.0;
				PRODUCT_BUNDLE_IDENTIFIER = com.yannrzd.LeBaluchonUITests;
				PRODUCT_NAME = "$(TARGET_NAME)";
				SWIFT_EMIT_LOC_STRINGS = NO;
				SWIFT_VERSION = 5.0;
				TARGETED_DEVICE_FAMILY = "1,2";
				TEST_TARGET_NAME = LeBaluchon;
			};
			name = Release;
		};
/* End XCBuildConfiguration section */

/* Begin XCConfigurationList section */
		E45B8C0927E386E000238229 /* Build configuration list for PBXProject "LeBaluchon" */ = {
			isa = XCConfigurationList;
			buildConfigurations = (
				E45B8C3627E386E100238229 /* Debug */,
				E45B8C3727E386E100238229 /* Release */,
			);
			defaultConfigurationIsVisible = 0;
			defaultConfigurationName = Release;
		};
		E45B8C3827E386E100238229 /* Build configuration list for PBXNativeTarget "LeBaluchon" */ = {
			isa = XCConfigurationList;
			buildConfigurations = (
				E45B8C3927E386E100238229 /* Debug */,
				E45B8C3A27E386E100238229 /* Release */,
			);
			defaultConfigurationIsVisible = 0;
			defaultConfigurationName = Release;
		};
		E45B8C3B27E386E100238229 /* Build configuration list for PBXNativeTarget "LeBaluchonTests" */ = {
			isa = XCConfigurationList;
			buildConfigurations = (
				E45B8C3C27E386E100238229 /* Debug */,
				E45B8C3D27E386E100238229 /* Release */,
			);
			defaultConfigurationIsVisible = 0;
			defaultConfigurationName = Release;
		};
		E45B8C3E27E386E100238229 /* Build configuration list for PBXNativeTarget "LeBaluchonUITests" */ = {
			isa = XCConfigurationList;
			buildConfigurations = (
				E45B8C3F27E386E100238229 /* Debug */,
				E45B8C4027E386E100238229 /* Release */,
			);
			defaultConfigurationIsVisible = 0;
			defaultConfigurationName = Release;
		};
/* End XCConfigurationList section */
	};
	rootObject = E45B8C0627E386E000238229 /* Project object */;
}
